// !$*UTF8*$!
{
	archiveVersion = 1;
	classes = {
	};
	objectVersion = 46;
	objects = {

/* Begin PBXBuildFile section */
		36E9C7ED09EDC946CDE2E3CB /* Pods_RxStepByStep.framework in Frameworks */ = {isa = PBXBuildFile; fileRef = AAF60E47A29838FC5515408F /* Pods_RxStepByStep.framework */; };
		C96DEE651F5937D6001FAC16 /* AppDelegate.swift in Sources */ = {isa = PBXBuildFile; fileRef = C96DEE641F5937D6001FAC16 /* AppDelegate.swift */; };
		C96DEE671F5937D6001FAC16 /* ViewController.swift in Sources */ = {isa = PBXBuildFile; fileRef = C96DEE661F5937D6001FAC16 /* ViewController.swift */; };
		C96DEE6A1F5937D6001FAC16 /* Main.storyboard in Resources */ = {isa = PBXBuildFile; fileRef = C96DEE681F5937D6001FAC16 /* Main.storyboard */; };
		C96DEE6C1F5937D6001FAC16 /* Assets.xcassets in Resources */ = {isa = PBXBuildFile; fileRef = C96DEE6B1F5937D6001FAC16 /* Assets.xcassets */; };
		C96DEE6F1F5937D6001FAC16 /* LaunchScreen.storyboard in Resources */ = {isa = PBXBuildFile; fileRef = C96DEE6D1F5937D6001FAC16 /* LaunchScreen.storyboard */; };
		C96DEE791F593FC2001FAC16 /* LoginValidViewController.swift in Sources */ = {isa = PBXBuildFile; fileRef = C96DEE781F593FC2001FAC16 /* LoginValidViewController.swift */; };
/* End PBXBuildFile section */

/* Begin PBXFileReference section */
		51E837D2F3FA94330F583AB6 /* Pods-RxStepByStep.release.xcconfig */ = {isa = PBXFileReference; includeInIndex = 1; lastKnownFileType = text.xcconfig; name = "Pods-RxStepByStep.release.xcconfig"; path = "Pods/Target Support Files/Pods-RxStepByStep/Pods-RxStepByStep.release.xcconfig"; sourceTree = "<group>"; };
		AAF60E47A29838FC5515408F /* Pods_RxStepByStep.framework */ = {isa = PBXFileReference; explicitFileType = wrapper.framework; includeInIndex = 0; path = Pods_RxStepByStep.framework; sourceTree = BUILT_PRODUCTS_DIR; };
		C96DEE611F5937D6001FAC16 /* RxStepByStep.app */ = {isa = PBXFileReference; explicitFileType = wrapper.application; includeInIndex = 0; path = RxStepByStep.app; sourceTree = BUILT_PRODUCTS_DIR; };
		C96DEE641F5937D6001FAC16 /* AppDelegate.swift */ = {isa = PBXFileReference; lastKnownFileType = sourcecode.swift; path = AppDelegate.swift; sourceTree = "<group>"; };
		C96DEE661F5937D6001FAC16 /* ViewController.swift */ = {isa = PBXFileReference; lastKnownFileType = sourcecode.swift; path = ViewController.swift; sourceTree = "<group>"; };
		C96DEE691F5937D6001FAC16 /* Base */ = {isa = PBXFileReference; lastKnownFileType = file.storyboard; name = Base; path = Base.lproj/Main.storyboard; sourceTree = "<group>"; };
		C96DEE6B1F5937D6001FAC16 /* Assets.xcassets */ = {isa = PBXFileReference; lastKnownFileType = folder.assetcatalog; path = Assets.xcassets; sourceTree = "<group>"; };
		C96DEE6E1F5937D6001FAC16 /* Base */ = {isa = PBXFileReference; lastKnownFileType = file.storyboard; name = Base; path = Base.lproj/LaunchScreen.storyboard; sourceTree = "<group>"; };
		C96DEE701F5937D6001FAC16 /* Info.plist */ = {isa = PBXFileReference; lastKnownFileType = text.plist.xml; path = Info.plist; sourceTree = "<group>"; };
		C96DEE781F593FC2001FAC16 /* LoginValidViewController.swift */ = {isa = PBXFileReference; fileEncoding = 4; lastKnownFileType = sourcecode.swift; path = LoginValidViewController.swift; sourceTree = "<group>"; };
		D142EB08A3F0D1523E4F4C88 /* Pods-RxStepByStep.debug.xcconfig */ = {isa = PBXFileReference; includeInIndex = 1; lastKnownFileType = text.xcconfig; name = "Pods-RxStepByStep.debug.xcconfig"; path = "Pods/Target Support Files/Pods-RxStepByStep/Pods-RxStepByStep.debug.xcconfig"; sourceTree = "<group>"; };
/* End PBXFileReference section */

/* Begin PBXFrameworksBuildPhase section */
		C96DEE5E1F5937D6001FAC16 /* Frameworks */ = {
			isa = PBXFrameworksBuildPhase;
			buildActionMask = 2147483647;
			files = (
				36E9C7ED09EDC946CDE2E3CB /* Pods_RxStepByStep.framework in Frameworks */,
			);
			runOnlyForDeploymentPostprocessing = 0;
		};
/* End PBXFrameworksBuildPhase section */

/* Begin PBXGroup section */
		11612D82DF1B1342333D7C5D /* Pods */ = {
			isa = PBXGroup;
			children = (
				D142EB08A3F0D1523E4F4C88 /* Pods-RxStepByStep.debug.xcconfig */,
				51E837D2F3FA94330F583AB6 /* Pods-RxStepByStep.release.xcconfig */,
			);
			name = Pods;
			sourceTree = "<group>";
		};
		BFEC1E010E34ED968E0B8D4E /* Frameworks */ = {
			isa = PBXGroup;
			children = (
				AAF60E47A29838FC5515408F /* Pods_RxStepByStep.framework */,
			);
			name = Frameworks;
			sourceTree = "<group>";
		};
		C96DEE581F5937D6001FAC16 = {
			isa = PBXGroup;
			children = (
				C96DEE631F5937D6001FAC16 /* RxStepByStep */,
				C96DEE621F5937D6001FAC16 /* Products */,
				11612D82DF1B1342333D7C5D /* Pods */,
				BFEC1E010E34ED968E0B8D4E /* Frameworks */,
			);
			sourceTree = "<group>";
		};
		C96DEE621F5937D6001FAC16 /* Products */ = {
			isa = PBXGroup;
			children = (
				C96DEE611F5937D6001FAC16 /* RxStepByStep.app */,
			);
			name = Products;
			sourceTree = "<group>";
		};
		C96DEE631F5937D6001FAC16 /* RxStepByStep */ = {
			isa = PBXGroup;
			children = (
				C96DEE641F5937D6001FAC16 /* AppDelegate.swift */,
				C96DEE781F593FC2001FAC16 /* LoginValidViewController.swift */,
				C96DEE661F5937D6001FAC16 /* ViewController.swift */,
				C96DEE681F5937D6001FAC16 /* Main.storyboard */,
				C96DEE6B1F5937D6001FAC16 /* Assets.xcassets */,
				C96DEE6D1F5937D6001FAC16 /* LaunchScreen.storyboard */,
				C96DEE701F5937D6001FAC16 /* Info.plist */,
			);
			path = RxStepByStep;
			sourceTree = "<group>";
		};
/* End PBXGroup section */

/* Begin PBXNativeTarget section */
		C96DEE601F5937D6001FAC16 /* RxStepByStep */ = {
			isa = PBXNativeTarget;
			buildConfigurationList = C96DEE731F5937D6001FAC16 /* Build configuration list for PBXNativeTarget "RxStepByStep" */;
			buildPhases = (
				2B015DAA39E82954B402EDA1 /* [CP] Check Pods Manifest.lock */,
				C96DEE5D1F5937D6001FAC16 /* Sources */,
				C96DEE5E1F5937D6001FAC16 /* Frameworks */,
				C96DEE5F1F5937D6001FAC16 /* Resources */,
				60CA454C79F194B2113A957C /* [CP] Embed Pods Frameworks */,
				392609FEB7AFA9C8CA1B8A6E /* [CP] Copy Pods Resources */,
			);
			buildRules = (
			);
			dependencies = (
			);
			name = RxStepByStep;
			productName = RxStepByStep;
			productReference = C96DEE611F5937D6001FAC16 /* RxStepByStep.app */;
			productType = "com.apple.product-type.application";
		};
/* End PBXNativeTarget section */

/* Begin PBXProject section */
		C96DEE591F5937D6001FAC16 /* Project object */ = {
			isa = PBXProject;
			attributes = {
				LastSwiftUpdateCheck = 0830;
				LastUpgradeCheck = 0830;
				ORGANIZATIONNAME = TimberTang;
				TargetAttributes = {
					C96DEE601F5937D6001FAC16 = {
						CreatedOnToolsVersion = 8.3.3;
						ProvisioningStyle = Automatic;
					};
				};
			};
			buildConfigurationList = C96DEE5C1F5937D6001FAC16 /* Build configuration list for PBXProject "RxStepByStep" */;
			compatibilityVersion = "Xcode 3.2";
			developmentRegion = English;
			hasScannedForEncodings = 0;
			knownRegions = (
				en,
				Base,
			);
			mainGroup = C96DEE581F5937D6001FAC16;
			productRefGroup = C96DEE621F5937D6001FAC16 /* Products */;
			projectDirPath = "";
			projectRoot = "";
			targets = (
				C96DEE601F5937D6001FAC16 /* RxStepByStep */,
			);
		};
/* End PBXProject section */

/* Begin PBXResourcesBuildPhase section */
		C96DEE5F1F5937D6001FAC16 /* Resources */ = {
			isa = PBXResourcesBuildPhase;
			buildActionMask = 2147483647;
			files = (
				C96DEE6F1F5937D6001FAC16 /* LaunchScreen.storyboard in Resources */,
				C96DEE6C1F5937D6001FAC16 /* Assets.xcassets in Resources */,
				C96DEE6A1F5937D6001FAC16 /* Main.storyboard in Resources */,
			);
			runOnlyForDeploymentPostprocessing = 0;
		};
/* End PBXResourcesBuildPhase section */

/* Begin PBXShellScriptBuildPhase section */
		2B015DAA39E82954B402EDA1 /* [CP] Check Pods Manifest.lock */ = {
			isa = PBXShellScriptBuildPhase;
			buildActionMask = 2147483647;
			files = (
			);
			inputPaths = (
			);
			name = "[CP] Check Pods Manifest.lock";
			outputPaths = (
			);
			runOnlyForDeploymentPostprocessing = 0;
			shellPath = /bin/sh;
			shellScript = "diff \"${PODS_PODFILE_DIR_PATH}/Podfile.lock\" \"${PODS_ROOT}/Manifest.lock\" > /dev/null\nif [ $? != 0 ] ; then\n    # print error to STDERR\n    echo \"error: The sandbox is not in sync with the Podfile.lock. Run 'pod install' or update your CocoaPods installation.\" >&2\n    exit 1\nfi\n";
			showEnvVarsInLog = 0;
		};
		392609FEB7AFA9C8CA1B8A6E /* [CP] Copy Pods Resources */ = {
			isa = PBXShellScriptBuildPhase;
			buildActionMask = 2147483647;
			files = (
			);
			inputPaths = (
			);
			name = "[CP] Copy Pods Resources";
			outputPaths = (
			);
			runOnlyForDeploymentPostprocessing = 0;
			shellPath = /bin/sh;
			shellScript = "\"${SRCROOT}/Pods/Target Support Files/Pods-RxStepByStep/Pods-RxStepByStep-resources.sh\"\n";
			showEnvVarsInLog = 0;
		};
		60CA454C79F194B2113A957C /* [CP] Embed Pods Frameworks */ = {
			isa = PBXShellScriptBuildPhase;
			buildActionMask = 2147483647;
			files = (
			);
			inputPaths = (
			);
			name = "[CP] Embed Pods Frameworks";
			outputPaths = (
			);
			runOnlyForDeploymentPostprocessing = 0;
			shellPath = /bin/sh;
			shellScript = "\"${SRCROOT}/Pods/Target Support Files/Pods-RxStepByStep/Pods-RxStepByStep-frameworks.sh\"\n";
			showEnvVarsInLog = 0;
		};
/* End PBXShellScriptBuildPhase section */

/* Begin PBXSourcesBuildPhase section */
		C96DEE5D1F5937D6001FAC16 /* Sources */ = {
			isa = PBXSourcesBuildPhase;
			buildActionMask = 2147483647;
			files = (
				C96DEE671F5937D6001FAC16 /* ViewController.swift in Sources */,
				C96DEE791F593FC2001FAC16 /* LoginValidViewController.swift in Sources */,
				C96DEE651F5937D6001FAC16 /* AppDelegate.swift in Sources */,
			);
			runOnlyForDeploymentPostprocessing = 0;
		};
/* End PBXSourcesBuildPhase section */

/* Begin PBXVariantGroup section */
		C96DEE681F5937D6001FAC16 /* Main.storyboard */ = {
			isa = PBXVariantGroup;
			children = (
				C96DEE691F5937D6001FAC16 /* Base */,
			);
			name = Main.storyboard;
			sourceTree = "<group>";
		};
		C96DEE6D1F5937D6001FAC16 /* LaunchScreen.storyboard */ = {
			isa = PBXVariantGroup;
			children = (
				C96DEE6E1F5937D6001FAC16 /* Base */,
			);
			name = LaunchScreen.storyboard;
			sourceTree = "<group>";
		};
/* End PBXVariantGroup section */

/* Begin XCBuildConfiguration section */
		C96DEE711F5937D6001FAC16 /* Debug */ = {
			isa = XCBuildConfiguration;
			buildSettings = {
				ALWAYS_SEARCH_USER_PATHS = NO;
				CLANG_ANALYZER_NONNULL = YES;
				CLANG_ANALYZER_NUMBER_OBJECT_CONVERSION = YES_AGGRESSIVE;
				CLANG_CXX_LANGUAGE_STANDARD = "gnu++0x";
				CLANG_CXX_LIBRARY = "libc++";
				CLANG_ENABLE_MODULES = YES;
				CLANG_ENABLE_OBJC_ARC = YES;
				CLANG_WARN_BOOL_CONVERSION = YES;
				CLANG_WARN_CONSTANT_CONVERSION = YES;
				CLANG_WARN_DIRECT_OBJC_ISA_USAGE = YES_ERROR;
				CLANG_WARN_DOCUMENTATION_COMMENTS = YES;
				CLANG_WARN_EMPTY_BODY = YES;
				CLANG_WARN_ENUM_CONVERSION = YES;
				CLANG_WARN_INFINITE_RECURSION = YES;
				CLANG_WARN_INT_CONVERSION = YES;
				CLANG_WARN_OBJC_ROOT_CLASS = YES_ERROR;
				CLANG_WARN_SUSPICIOUS_MOVE = YES;
				CLANG_WARN_UNREACHABLE_CODE = YES;
				CLANG_WARN__DUPLICATE_METHOD_MATCH = YES;
				"CODE_SIGN_IDENTITY[sdk=iphoneos*]" = "iPhone Developer";
				COPY_PHASE_STRIP = NO;
				DEBUG_INFORMATION_FORMAT = dwarf;
				ENABLE_STRICT_OBJC_MSGSEND = YES;
				ENABLE_TESTABILITY = YES;
				GCC_C_LANGUAGE_STANDARD = gnu99;
				GCC_DYNAMIC_NO_PIC = NO;
				GCC_NO_COMMON_BLOCKS = YES;
				GCC_OPTIMIZATION_LEVEL = 0;
				GCC_PREPROCESSOR_DEFINITIONS = (
					"DEBUG=1",
					"$(inherited)",
				);
				GCC_WARN_64_TO_32_BIT_CONVERSION = YES;
				GCC_WARN_ABOUT_RETURN_TYPE = YES_ERROR;
				GCC_WARN_UNDECLARED_SELECTOR = YES;
				GCC_WARN_UNINITIALIZED_AUTOS = YES_AGGRESSIVE;
				GCC_WARN_UNUSED_FUNCTION = YES;
				GCC_WARN_UNUSED_VARIABLE = YES;
				IPHONEOS_DEPLOYMENT_TARGET = 10.3;
				MTL_ENABLE_DEBUG_INFO = YES;
				ONLY_ACTIVE_ARCH = YES;
				SDKROOT = iphoneos;
				SWIFT_ACTIVE_COMPILATION_CONDITIONS = DEBUG;
				SWIFT_OPTIMIZATION_LEVEL = "-Onone";
			};
			name = Debug;
		};
		C96DEE721F5937D6001FAC16 /* Release */ = {
			isa = XCBuildConfiguration;
			buildSettings = {
				ALWAYS_SEARCH_USER_PATHS = NO;
				CLANG_ANALYZER_NONNULL = YES;
				CLANG_ANALYZER_NUMBER_OBJECT_CONVERSION = YES_AGGRESSIVE;
				CLANG_CXX_LANGUAGE_STANDARD = "gnu++0x";
				CLANG_CXX_LIBRARY = "libc++";
				CLANG_ENABLE_MODULES = YES;
				CLANG_ENABLE_OBJC_ARC = YES;
				CLANG_WARN_BOOL_CONVERSION = YES;
				CLANG_WARN_CONSTANT_CONVERSION = YES;
				CLANG_WARN_DIRECT_OBJC_ISA_USAGE = YES_ERROR;
				CLANG_WARN_DOCUMENTATION_COMMENTS = YES;
				CLANG_WARN_EMPTY_BODY = YES;
				CLANG_WARN_ENUM_CONVERSION = YES;
				CLANG_WARN_INFINITE_RECURSION = YES;
				CLANG_WARN_INT_CONVERSION = YES;
				CLANG_WARN_OBJC_ROOT_CLASS = YES_ERROR;
				CLANG_WARN_SUSPICIOUS_MOVE = YES;
				CLANG_WARN_UNREACHABLE_CODE = YES;
				CLANG_WARN__DUPLICATE_METHOD_MATCH = YES;
				"CODE_SIGN_IDENTITY[sdk=iphoneos*]" = "iPhone Developer";
				COPY_PHASE_STRIP = NO;
				DEBUG_INFORMATION_FORMAT = "dwarf-with-dsym";
				ENABLE_NS_ASSERTIONS = NO;
				ENABLE_STRICT_OBJC_MSGSEND = YES;
				GCC_C_LANGUAGE_STANDARD = gnu99;
				GCC_NO_COMMON_BLOCKS = YES;
				GCC_WARN_64_TO_32_BIT_CONVERSION = YES;
				GCC_WARN_ABOUT_RETURN_TYPE = YES_ERROR;
				GCC_WARN_UNDECLARED_SELECTOR = YES;
				GCC_WARN_UNINITIALIZED_AUTOS = YES_AGGRESSIVE;
				GCC_WARN_UNUSED_FUNCTION = YES;
				GCC_WARN_UNUSED_VARIABLE = YES;
				IPHONEOS_DEPLOYMENT_TARGET = 10.3;
				MTL_ENABLE_DEBUG_INFO = NO;
				SDKROOT = iphoneos;
				SWIFT_OPTIMIZATION_LEVEL = "-Owholemodule";
				VALIDATE_PRODUCT = YES;
			};
			name = Release;
		};
		C96DEE741F5937D6001FAC16 /* Debug */ = {
			isa = XCBuildConfiguration;
			baseConfigurationReference = D142EB08A3F0D1523E4F4C88 /* Pods-RxStepByStep.debug.xcconfig */;
			buildSettings = {
				ASSETCATALOG_COMPILER_APPICON_NAME = AppIcon;
				INFOPLIST_FILE = RxStepByStep/Info.plist;
				LD_RUNPATH_SEARCH_PATHS = "$(inherited) @executable_path/Frameworks";
				PRODUCT_BUNDLE_IDENTIFIER = com.TimberTang.RxStepByStep;
				PRODUCT_NAME = "$(TARGET_NAME)";
				SWIFT_VERSION = 3.0;
			};
			name = Debug;
		};
		C96DEE751F5937D6001FAC16 /* Release */ = {
			isa = XCBuildConfiguration;
			baseConfigurationReference = 51E837D2F3FA94330F583AB6 /* Pods-RxStepByStep.release.xcconfig */;
			buildSettings = {
				ASSETCATALOG_COMPILER_APPICON_NAME = AppIcon;
				INFOPLIST_FILE = RxStepByStep/Info.plist;
				LD_RUNPATH_SEARCH_PATHS = "$(inherited) @executable_path/Frameworks";
				PRODUCT_BUNDLE_IDENTIFIER = com.TimberTang.RxStepByStep;
				PRODUCT_NAME = "$(TARGET_NAME)";
				SWIFT_VERSION = 3.0;
			};
			name = Release;
		};
/* End XCBuildConfiguration section */

/* Begin XCConfigurationList section */
		C96DEE5C1F5937D6001FAC16 /* Build configuration list for PBXProject "RxStepByStep" */ = {
			isa = XCConfigurationList;
			buildConfigurations = (
				C96DEE711F5937D6001FAC16 /* Debug */,
				C96DEE721F5937D6001FAC16 /* Release */,
			);
			defaultConfigurationIsVisible = 0;
			defaultConfigurationName = Release;
		};
		C96DEE731F5937D6001FAC16 /* Build configuration list for PBXNativeTarget "RxStepByStep" */ = {
			isa = XCConfigurationList;
			buildConfigurations = (
				C96DEE741F5937D6001FAC16 /* Debug */,
				C96DEE751F5937D6001FAC16 /* Release */,
			);
			defaultConfigurationIsVisible = 0;
			defaultConfigurationName = Release;
		};
/* End XCConfigurationList section */
	};
	rootObject = C96DEE591F5937D6001FAC16 /* Project object */;
}
